
Microsoft Visual Studio Solution File, Format Version 12.00
# Visual Studio Version 17
VisualStudioVersion = 17.11.35312.102
MinimumVisualStudioVersion = 10.0.40219.1
Project("{FAE04EC0-301F-11D3-BF4B-00C04F79EFBC}") = "Lab_7", "Lab_7\Lab_7.csproj", "{0C686B9C-592D-4B43-B697-261BD87B5223}"
EndProject
Global
	GlobalSection(SolutionConfigurationPlatforms) = preSolution
		Debug|Any CPU = Debug|Any CPU
		Release|Any CPU = Release|Any CPU
	EndGlobalSection
	GlobalSection(ProjectConfigurationPlatforms) = postSolution
		{0C686B9C-592D-4B43-B697-261BD87B5223}.Debug|Any CPU.ActiveCfg = Debug|Any CPU
		{0C686B9C-592D-4B43-B697-261BD87B5223}.Debug|Any CPU.Build.0 = Debug|Any CPU
		{0C686B9C-592D-4B43-B697-261BD87B5223}.Release|Any CPU.ActiveCfg = Release|Any CPU
		{0C686B9C-592D-4B43-B697-261BD87B5223}.Release|Any CPU.Build.0 = Release|Any CPU
	EndGlobalSection
	GlobalSection(SolutionProperties) = preSolution
		HideSolutionNode = FALSE
	EndGlobalSection
	GlobalSection(ExtensibilityGlobals) = postSolution
		SolutionGuid = {2B7292D8-F236-4763-BC8B-39D1630F4032}
	EndGlobalSection
EndGlobal
